{
  "name": "control presupuesto-react",
  "lockfileVersion": 2,
  "requires": true,
  "packages": {
    "": {
      "dependencies": {
        "react-swipeable-list": "^1.5.1"
      }
    },
    "node_modules/react-swipeable-list": {
      "version": "1.5.1",
      "resolved": "https://registry.npmjs.org/react-swipeable-list/-/react-swipeable-list-1.5.1.tgz",
      "integrity": "sha512-iBqFkVaNgRJtTW7hMXkQktgnyqEJYpiuFNgZqeGE8aSCnbQPFNpXjHwshfuf2Jb0lMuvweMf9kUrj8lhhsno1g=="
    }
  },
  "dependencies": {
    "react-swipeable-list": {
      "version": "1.5.1",
      "resolved": "https://registry.npmjs.org/react-swipeable-list/-/react-swipeable-list-1.5.1.tgz",
      "integrity": "sha512-iBqFkVaNgRJtTW7hMXkQktgnyqEJYpiuFNgZqeGE8aSCnbQPFNpXjHwshfuf2Jb0lMuvweMf9kUrj8lhhsno1g=="
    }
  }
}
